
Microsoft Visual Studio Solution File, Format Version 12.00
# Visual Studio 15
Project("{FAE04EC0-301F-11D3-BF4B-00C04F79EFBC}") = "MVC_Inventory", "MVC_Inventory\MVC_Inventory.csproj", "{A81826C7-0350-4D73-AB8A-563ECB87798D}"
EndProject
Global
	GlobalSection(SolutionConfigurationPlatforms) = preSolution
		Debug|Any CPU = Debug|Any CPU
		Release|Any CPU = Release|Any CPU
	EndGlobalSection
	GlobalSection(ProjectConfigurationPlatforms) = postSolution
		{A81826C7-0350-4D73-AB8A-563ECB87798D}.Debug|Any CPU.ActiveCfg = Debug|Any CPU
		{A81826C7-0350-4D73-AB8A-563ECB87798D}.Debug|Any CPU.Build.0 = Debug|Any CPU
		{A81826C7-0350-4D73-AB8A-563ECB87798D}.Release|Any CPU.ActiveCfg = Release|Any CPU
		{A81826C7-0350-4D73-AB8A-563ECB87798D}.Release|Any CPU.Build.0 = Release|Any CPU
	EndGlobalSection
EndGlobal
